
Microsoft Visual Studio Solution File, Format Version 12.00
# Visual Studio 14
VisualStudioVersion = 14.0.23107.0
MinimumVisualStudioVersion = 10.0.40219.1
Project("{FAE04EC0-301F-11D3-BF4B-00C04F79EFBC}") = "NfcClientApp", "NfcClientApp\NfcClientApp.csproj", "{B2EEDACD-0EF7-498C-A5BD-53B009AF9E80}"
EndProject
Project("{FAE04EC0-301F-11D3-BF4B-00C04F79EFBC}") = "DataModels", "DataModels\DataModels.csproj", "{FD5DB329-2936-4891-8908-A3E6DE7EB2E3}"
EndProject
Project("{2150E333-8FDC-42A3-9474-1A3956D46DE8}") = "Shared", "Shared", "{D2CBED63-DB74-4AC2-A9CC-51297CF183C0}"
EndProject
Project("{2150E333-8FDC-42A3-9474-1A3956D46DE8}") = "Device", "Device", "{BF7B8378-C720-46F4-ACAC-F853E6430321}"
EndProject
Project("{2150E333-8FDC-42A3-9474-1A3956D46DE8}") = "Azure", "Azure", "{73C93A31-B71B-490E-8740-99BC700A4506}"
EndProject
Project("{FAE04EC0-301F-11D3-BF4B-00C04F79EFBC}") = "NfcPushTrigger", "NfcPushTrigger\NfcPushTrigger.csproj", "{29F938B1-01FC-4857-AB0E-803487A019A9}"
EndProject
Global
	GlobalSection(SolutionConfigurationPlatforms) = preSolution
		Debug|Any CPU = Debug|Any CPU
		Debug|ARM = Debug|ARM
		Debug|x64 = Debug|x64
		Debug|x86 = Debug|x86
		Release|Any CPU = Release|Any CPU
		Release|ARM = Release|ARM
		Release|x64 = Release|x64
		Release|x86 = Release|x86
	EndGlobalSection
	GlobalSection(ProjectConfigurationPlatforms) = postSolution
		{B2EEDACD-0EF7-498C-A5BD-53B009AF9E80}.Debug|Any CPU.ActiveCfg = Debug|x86
		{B2EEDACD-0EF7-498C-A5BD-53B009AF9E80}.Debug|ARM.ActiveCfg = Debug|ARM
		{B2EEDACD-0EF7-498C-A5BD-53B009AF9E80}.Debug|ARM.Build.0 = Debug|ARM
		{B2EEDACD-0EF7-498C-A5BD-53B009AF9E80}.Debug|ARM.Deploy.0 = Debug|ARM
		{B2EEDACD-0EF7-498C-A5BD-53B009AF9E80}.Debug|x64.ActiveCfg = Debug|x64
		{B2EEDACD-0EF7-498C-A5BD-53B009AF9E80}.Debug|x64.Build.0 = Debug|x64
		{B2EEDACD-0EF7-498C-A5BD-53B009AF9E80}.Debug|x64.Deploy.0 = Debug|x64
		{B2EEDACD-0EF7-498C-A5BD-53B009AF9E80}.Debug|x86.ActiveCfg = Debug|x86
		{B2EEDACD-0EF7-498C-A5BD-53B009AF9E80}.Debug|x86.Build.0 = Debug|x86
		{B2EEDACD-0EF7-498C-A5BD-53B009AF9E80}.Debug|x86.Deploy.0 = Debug|x86
		{B2EEDACD-0EF7-498C-A5BD-53B009AF9E80}.Release|Any CPU.ActiveCfg = Release|x86
		{B2EEDACD-0EF7-498C-A5BD-53B009AF9E80}.Release|ARM.ActiveCfg = Release|ARM
		{B2EEDACD-0EF7-498C-A5BD-53B009AF9E80}.Release|ARM.Build.0 = Release|ARM
		{B2EEDACD-0EF7-498C-A5BD-53B009AF9E80}.Release|ARM.Deploy.0 = Release|ARM
		{B2EEDACD-0EF7-498C-A5BD-53B009AF9E80}.Release|x64.ActiveCfg = Release|x64
		{B2EEDACD-0EF7-498C-A5BD-53B009AF9E80}.Release|x64.Build.0 = Release|x64
		{B2EEDACD-0EF7-498C-A5BD-53B009AF9E80}.Release|x64.Deploy.0 = Release|x64
		{B2EEDACD-0EF7-498C-A5BD-53B009AF9E80}.Release|x86.ActiveCfg = Release|x86
		{B2EEDACD-0EF7-498C-A5BD-53B009AF9E80}.Release|x86.Build.0 = Release|x86
		{B2EEDACD-0EF7-498C-A5BD-53B009AF9E80}.Release|x86.Deploy.0 = Release|x86
		{FD5DB329-2936-4891-8908-A3E6DE7EB2E3}.Debug|Any CPU.ActiveCfg = Debug|Any CPU
		{FD5DB329-2936-4891-8908-A3E6DE7EB2E3}.Debug|Any CPU.Build.0 = Debug|Any CPU
		{FD5DB329-2936-4891-8908-A3E6DE7EB2E3}.Debug|ARM.ActiveCfg = Debug|Any CPU
		{FD5DB329-2936-4891-8908-A3E6DE7EB2E3}.Debug|ARM.Build.0 = Debug|Any CPU
		{FD5DB329-2936-4891-8908-A3E6DE7EB2E3}.Debug|x64.ActiveCfg = Debug|Any CPU
		{FD5DB329-2936-4891-8908-A3E6DE7EB2E3}.Debug|x64.Build.0 = Debug|Any CPU
		{FD5DB329-2936-4891-8908-A3E6DE7EB2E3}.Debug|x86.ActiveCfg = Debug|Any CPU
		{FD5DB329-2936-4891-8908-A3E6DE7EB2E3}.Debug|x86.Build.0 = Debug|Any CPU
		{FD5DB329-2936-4891-8908-A3E6DE7EB2E3}.Release|Any CPU.ActiveCfg = Release|Any CPU
		{FD5DB329-2936-4891-8908-A3E6DE7EB2E3}.Release|Any CPU.Build.0 = Release|Any CPU
		{FD5DB329-2936-4891-8908-A3E6DE7EB2E3}.Release|ARM.ActiveCfg = Release|Any CPU
		{FD5DB329-2936-4891-8908-A3E6DE7EB2E3}.Release|ARM.Build.0 = Release|Any CPU
		{FD5DB329-2936-4891-8908-A3E6DE7EB2E3}.Release|x64.ActiveCfg = Release|Any CPU
		{FD5DB329-2936-4891-8908-A3E6DE7EB2E3}.Release|x64.Build.0 = Release|Any CPU
		{FD5DB329-2936-4891-8908-A3E6DE7EB2E3}.Release|x86.ActiveCfg = Release|Any CPU
		{FD5DB329-2936-4891-8908-A3E6DE7EB2E3}.Release|x86.Build.0 = Release|Any CPU
		{29F938B1-01FC-4857-AB0E-803487A019A9}.Debug|Any CPU.ActiveCfg = Debug|Any CPU
		{29F938B1-01FC-4857-AB0E-803487A019A9}.Debug|Any CPU.Build.0 = Debug|Any CPU
		{29F938B1-01FC-4857-AB0E-803487A019A9}.Debug|ARM.ActiveCfg = Debug|Any CPU
		{29F938B1-01FC-4857-AB0E-803487A019A9}.Debug|ARM.Build.0 = Debug|Any CPU
		{29F938B1-01FC-4857-AB0E-803487A019A9}.Debug|x64.ActiveCfg = Debug|Any CPU
		{29F938B1-01FC-4857-AB0E-803487A019A9}.Debug|x64.Build.0 = Debug|Any CPU
		{29F938B1-01FC-4857-AB0E-803487A019A9}.Debug|x86.ActiveCfg = Debug|Any CPU
		{29F938B1-01FC-4857-AB0E-803487A019A9}.Debug|x86.Build.0 = Debug|Any CPU
		{29F938B1-01FC-4857-AB0E-803487A019A9}.Release|Any CPU.ActiveCfg = Release|Any CPU
		{29F938B1-01FC-4857-AB0E-803487A019A9}.Release|Any CPU.Build.0 = Release|Any CPU
		{29F938B1-01FC-4857-AB0E-803487A019A9}.Release|ARM.ActiveCfg = Release|Any CPU
		{29F938B1-01FC-4857-AB0E-803487A019A9}.Release|ARM.Build.0 = Release|Any CPU
		{29F938B1-01FC-4857-AB0E-803487A019A9}.Release|x64.ActiveCfg = Release|Any CPU
		{29F938B1-01FC-4857-AB0E-803487A019A9}.Release|x64.Build.0 = Release|Any CPU
		{29F938B1-01FC-4857-AB0E-803487A019A9}.Release|x86.ActiveCfg = Release|Any CPU
		{29F938B1-01FC-4857-AB0E-803487A019A9}.Release|x86.Build.0 = Release|Any CPU
	EndGlobalSection
	GlobalSection(SolutionProperties) = preSolution
		HideSolutionNode = FALSE
	EndGlobalSection
	GlobalSection(NestedProjects) = preSolution
		{B2EEDACD-0EF7-498C-A5BD-53B009AF9E80} = {BF7B8378-C720-46F4-ACAC-F853E6430321}
		{FD5DB329-2936-4891-8908-A3E6DE7EB2E3} = {D2CBED63-DB74-4AC2-A9CC-51297CF183C0}
		{29F938B1-01FC-4857-AB0E-803487A019A9} = {73C93A31-B71B-490E-8740-99BC700A4506}
	EndGlobalSection
EndGlobal
